// !$*UTF8*$!
{
	archiveVersion = 1;
	classes = {
	};
	objectVersion = 51;
	objects = {

/* Begin PBXBuildFile section */
		5E72665E8C6C7D945E340D7A /* Pods_FlixTests.framework in Frameworks */ = {isa = PBXBuildFile; fileRef = 476E511E3F52DDBFC55A9422 /* Pods_FlixTests.framework */; };
		A23E7DC4C0ED9C7366217E22 /* Pods_Flix.framework in Frameworks */ = {isa = PBXBuildFile; fileRef = 4AC6E6122FDCA6150C0B8412 /* Pods_Flix.framework */; };
		B33C6A6D251BC19800930B12 /* MovieCell.swift in Sources */ = {isa = PBXBuildFile; fileRef = B33C6A6C251BC19800930B12 /* MovieCell.swift */; };
		B35692BE251AF1C30093DBB3 /* AppDelegate.swift in Sources */ = {isa = PBXBuildFile; fileRef = B35692BD251AF1C30093DBB3 /* AppDelegate.swift */; };
		B35692C0251AF1C30093DBB3 /* SceneDelegate.swift in Sources */ = {isa = PBXBuildFile; fileRef = B35692BF251AF1C30093DBB3 /* SceneDelegate.swift */; };
		B35692C5251AF1C30093DBB3 /* Main.storyboard in Resources */ = {isa = PBXBuildFile; fileRef = B35692C3251AF1C30093DBB3 /* Main.storyboard */; };
		B35692C7251AF1C80093DBB3 /* Assets.xcassets in Resources */ = {isa = PBXBuildFile; fileRef = B35692C6251AF1C80093DBB3 /* Assets.xcassets */; };
		B35692CA251AF1C80093DBB3 /* LaunchScreen.storyboard in Resources */ = {isa = PBXBuildFile; fileRef = B35692C8251AF1C80093DBB3 /* LaunchScreen.storyboard */; };
		B35692D5251AF1C80093DBB3 /* FlixTests.swift in Sources */ = {isa = PBXBuildFile; fileRef = B35692D4251AF1C80093DBB3 /* FlixTests.swift */; };
		B35692E0251AF1C80093DBB3 /* FlixUITests.swift in Sources */ = {isa = PBXBuildFile; fileRef = B35692DF251AF1C80093DBB3 /* FlixUITests.swift */; };
		B35692F0251AF9DD0093DBB3 /* MoviesViewController.swift in Sources */ = {isa = PBXBuildFile; fileRef = B35692EF251AF9DD0093DBB3 /* MoviesViewController.swift */; };
		B3E75C7A2520402B00D52AB0 /* MovieDetailsViewController.swift in Sources */ = {isa = PBXBuildFile; fileRef = B3E75C792520402B00D52AB0 /* MovieDetailsViewController.swift */; };
		B3E75C7C25204A6000D52AB0 /* MovieGridViewController.swift in Sources */ = {isa = PBXBuildFile; fileRef = B3E75C7B25204A6000D52AB0 /* MovieGridViewController.swift */; };
		D1F2E108E8244BF7FA53D1F0 /* Pods_Flix_FlixUITests.framework in Frameworks */ = {isa = PBXBuildFile; fileRef = 018A59A160A1A81FD09D5A9C /* Pods_Flix_FlixUITests.framework */; };
/* End PBXBuildFile section */

/* Begin PBXContainerItemProxy section */
		B35692D1251AF1C80093DBB3 /* PBXContainerItemProxy */ = {
			isa = PBXContainerItemProxy;
			containerPortal = B35692B2251AF1C30093DBB3 /* Project object */;
			proxyType = 1;
			remoteGlobalIDString = B35692B9251AF1C30093DBB3;
			remoteInfo = Flix;
		};
		B35692DC251AF1C80093DBB3 /* PBXContainerItemProxy */ = {
			isa = PBXContainerItemProxy;
			containerPortal = B35692B2251AF1C30093DBB3 /* Project object */;
			proxyType = 1;
			remoteGlobalIDString = B35692B9251AF1C30093DBB3;
			remoteInfo = Flix;
		};
/* End PBXContainerItemProxy section */

/* Begin PBXFileReference section */
		018A59A160A1A81FD09D5A9C /* Pods_Flix_FlixUITests.framework */ = {isa = PBXFileReference; explicitFileType = wrapper.framework; includeInIndex = 0; path = Pods_Flix_FlixUITests.framework; sourceTree = BUILT_PRODUCTS_DIR; };
		1308B3B0864522D8DF527745 /* Pods-Flix.release.xcconfig */ = {isa = PBXFileReference; includeInIndex = 1; lastKnownFileType = text.xcconfig; name = "Pods-Flix.release.xcconfig"; path = "Target Support Files/Pods-Flix/Pods-Flix.release.xcconfig"; sourceTree = "<group>"; };
		1642674635B82834F3C98D68 /* Pods-Flix-FlixUITests.debug.xcconfig */ = {isa = PBXFileReference; includeInIndex = 1; lastKnownFileType = text.xcconfig; name = "Pods-Flix-FlixUITests.debug.xcconfig"; path = "Target Support Files/Pods-Flix-FlixUITests/Pods-Flix-FlixUITests.debug.xcconfig"; sourceTree = "<group>"; };
		20AC64CF8249B0F5C61A7843 /* Pods-Flix.debug.xcconfig */ = {isa = PBXFileReference; includeInIndex = 1; lastKnownFileType = text.xcconfig; name = "Pods-Flix.debug.xcconfig"; path = "Target Support Files/Pods-Flix/Pods-Flix.debug.xcconfig"; sourceTree = "<group>"; };
		2CDF79CBDE49E8A56F03EF01 /* Pods-Flix-FlixUITests.release.xcconfig */ = {isa = PBXFileReference; includeInIndex = 1; lastKnownFileType = text.xcconfig; name = "Pods-Flix-FlixUITests.release.xcconfig"; path = "Target Support Files/Pods-Flix-FlixUITests/Pods-Flix-FlixUITests.release.xcconfig"; sourceTree = "<group>"; };
		320FD7C9B144EBA4F58D5AAE /* Pods-FlixTests.release.xcconfig */ = {isa = PBXFileReference; includeInIndex = 1; lastKnownFileType = text.xcconfig; name = "Pods-FlixTests.release.xcconfig"; path = "Target Support Files/Pods-FlixTests/Pods-FlixTests.release.xcconfig"; sourceTree = "<group>"; };
		476E511E3F52DDBFC55A9422 /* Pods_FlixTests.framework */ = {isa = PBXFileReference; explicitFileType = wrapper.framework; includeInIndex = 0; path = Pods_FlixTests.framework; sourceTree = BUILT_PRODUCTS_DIR; };
		4AC6E6122FDCA6150C0B8412 /* Pods_Flix.framework */ = {isa = PBXFileReference; explicitFileType = wrapper.framework; includeInIndex = 0; path = Pods_Flix.framework; sourceTree = BUILT_PRODUCTS_DIR; };
		7F7566AB5913B2F3149C23CF /* Pods-FlixTests.debug.xcconfig */ = {isa = PBXFileReference; includeInIndex = 1; lastKnownFileType = text.xcconfig; name = "Pods-FlixTests.debug.xcconfig"; path = "Target Support Files/Pods-FlixTests/Pods-FlixTests.debug.xcconfig"; sourceTree = "<group>"; };
		B33C6A6C251BC19800930B12 /* MovieCell.swift */ = {isa = PBXFileReference; lastKnownFileType = sourcecode.swift; path = MovieCell.swift; sourceTree = "<group>"; };
		B35692BA251AF1C30093DBB3 /* Flix.app */ = {isa = PBXFileReference; explicitFileType = wrapper.application; includeInIndex = 0; path = Flix.app; sourceTree = BUILT_PRODUCTS_DIR; };
		B35692BD251AF1C30093DBB3 /* AppDelegate.swift */ = {isa = PBXFileReference; lastKnownFileType = sourcecode.swift; path = AppDelegate.swift; sourceTree = "<group>"; };
		B35692BF251AF1C30093DBB3 /* SceneDelegate.swift */ = {isa = PBXFileReference; lastKnownFileType = sourcecode.swift; path = SceneDelegate.swift; sourceTree = "<group>"; };
		B35692C4251AF1C30093DBB3 /* Base */ = {isa = PBXFileReference; lastKnownFileType = file.storyboard; name = Base; path = Base.lproj/Main.storyboard; sourceTree = "<group>"; };
		B35692C6251AF1C80093DBB3 /* Assets.xcassets */ = {isa = PBXFileReference; lastKnownFileType = folder.assetcatalog; path = Assets.xcassets; sourceTree = "<group>"; };
		B35692C9251AF1C80093DBB3 /* Base */ = {isa = PBXFileReference; lastKnownFileType = file.storyboard; name = Base; path = Base.lproj/LaunchScreen.storyboard; sourceTree = "<group>"; };
		B35692CB251AF1C80093DBB3 /* Info.plist */ = {isa = PBXFileReference; lastKnownFileType = text.plist.xml; path = Info.plist; sourceTree = "<group>"; };
		B35692D0251AF1C80093DBB3 /* FlixTests.xctest */ = {isa = PBXFileReference; explicitFileType = wrapper.cfbundle; includeInIndex = 0; path = FlixTests.xctest; sourceTree = BUILT_PRODUCTS_DIR; };
		B35692D4251AF1C80093DBB3 /* FlixTests.swift */ = {isa = PBXFileReference; lastKnownFileType = sourcecode.swift; path = FlixTests.swift; sourceTree = "<group>"; };
		B35692D6251AF1C80093DBB3 /* Info.plist */ = {isa = PBXFileReference; lastKnownFileType = text.plist.xml; path = Info.plist; sourceTree = "<group>"; };
		B35692DB251AF1C80093DBB3 /* FlixUITests.xctest */ = {isa = PBXFileReference; explicitFileType = wrapper.cfbundle; includeInIndex = 0; path = FlixUITests.xctest; sourceTree = BUILT_PRODUCTS_DIR; };
		B35692DF251AF1C80093DBB3 /* FlixUITests.swift */ = {isa = PBXFileReference; lastKnownFileType = sourcecode.swift; path = FlixUITests.swift; sourceTree = "<group>"; };
		B35692E1251AF1C80093DBB3 /* Info.plist */ = {isa = PBXFileReference; lastKnownFileType = text.plist.xml; path = Info.plist; sourceTree = "<group>"; };
		B35692EF251AF9DD0093DBB3 /* MoviesViewController.swift */ = {isa = PBXFileReference; lastKnownFileType = sourcecode.swift; path = MoviesViewController.swift; sourceTree = "<group>"; };
		B3E75C792520402B00D52AB0 /* MovieDetailsViewController.swift */ = {isa = PBXFileReference; lastKnownFileType = sourcecode.swift; path = MovieDetailsViewController.swift; sourceTree = "<group>"; };
		B3E75C7B25204A6000D52AB0 /* MovieGridViewController.swift */ = {isa = PBXFileReference; lastKnownFileType = sourcecode.swift; path = MovieGridViewController.swift; sourceTree = "<group>"; };
/* End PBXFileReference section */

/* Begin PBXFrameworksBuildPhase section */
		B35692B7251AF1C30093DBB3 /* Frameworks */ = {
			isa = PBXFrameworksBuildPhase;
			buildActionMask = 2147483647;
			files = (
				A23E7DC4C0ED9C7366217E22 /* Pods_Flix.framework in Frameworks */,
			);
			runOnlyForDeploymentPostprocessing = 0;
		};
		B35692CD251AF1C80093DBB3 /* Frameworks */ = {
			isa = PBXFrameworksBuildPhase;
			buildActionMask = 2147483647;
			files = (
				5E72665E8C6C7D945E340D7A /* Pods_FlixTests.framework in Frameworks */,
			);
			runOnlyForDeploymentPostprocessing = 0;
		};
		B35692D8251AF1C80093DBB3 /* Frameworks */ = {
			isa = PBXFrameworksBuildPhase;
			buildActionMask = 2147483647;
			files = (
				D1F2E108E8244BF7FA53D1F0 /* Pods_Flix_FlixUITests.framework in Frameworks */,
			);
			runOnlyForDeploymentPostprocessing = 0;
		};
/* End PBXFrameworksBuildPhase section */

/* Begin PBXGroup section */
		86C4F79003826A7461479EEA /* Pods */ = {
			isa = PBXGroup;
			children = (
				20AC64CF8249B0F5C61A7843 /* Pods-Flix.debug.xcconfig */,
				1308B3B0864522D8DF527745 /* Pods-Flix.release.xcconfig */,
				1642674635B82834F3C98D68 /* Pods-Flix-FlixUITests.debug.xcconfig */,
				2CDF79CBDE49E8A56F03EF01 /* Pods-Flix-FlixUITests.release.xcconfig */,
				7F7566AB5913B2F3149C23CF /* Pods-FlixTests.debug.xcconfig */,
				320FD7C9B144EBA4F58D5AAE /* Pods-FlixTests.release.xcconfig */,
			);
			path = Pods;
			sourceTree = "<group>";
		};
		B35692B1251AF1C30093DBB3 = {
			isa = PBXGroup;
			children = (
				B35692BC251AF1C30093DBB3 /* Flix */,
				B35692D3251AF1C80093DBB3 /* FlixTests */,
				B35692DE251AF1C80093DBB3 /* FlixUITests */,
				B35692BB251AF1C30093DBB3 /* Products */,
				86C4F79003826A7461479EEA /* Pods */,
				D4EAD1AE7B94A47582617D28 /* Frameworks */,
			);
			sourceTree = "<group>";
		};
		B35692BB251AF1C30093DBB3 /* Products */ = {
			isa = PBXGroup;
			children = (
				B35692BA251AF1C30093DBB3 /* Flix.app */,
				B35692D0251AF1C80093DBB3 /* FlixTests.xctest */,
				B35692DB251AF1C80093DBB3 /* FlixUITests.xctest */,
			);
			name = Products;
			sourceTree = "<group>";
		};
		B35692BC251AF1C30093DBB3 /* Flix */ = {
			isa = PBXGroup;
			children = (
				B35692EF251AF9DD0093DBB3 /* MoviesViewController.swift */,
				B35692BD251AF1C30093DBB3 /* AppDelegate.swift */,
				B35692BF251AF1C30093DBB3 /* SceneDelegate.swift */,
				B35692C3251AF1C30093DBB3 /* Main.storyboard */,
				B3E75C7B25204A6000D52AB0 /* MovieGridViewController.swift */,
				B3E75C792520402B00D52AB0 /* MovieDetailsViewController.swift */,
				B33C6A6C251BC19800930B12 /* MovieCell.swift */,
				B35692C6251AF1C80093DBB3 /* Assets.xcassets */,
				B35692C8251AF1C80093DBB3 /* LaunchScreen.storyboard */,
				B35692CB251AF1C80093DBB3 /* Info.plist */,
			);
			path = Flix;
			sourceTree = "<group>";
		};
		B35692D3251AF1C80093DBB3 /* FlixTests */ = {
			isa = PBXGroup;
			children = (
				B35692D4251AF1C80093DBB3 /* FlixTests.swift */,
				B35692D6251AF1C80093DBB3 /* Info.plist */,
			);
			path = FlixTests;
			sourceTree = "<group>";
		};
		B35692DE251AF1C80093DBB3 /* FlixUITests */ = {
			isa = PBXGroup;
			children = (
				B35692DF251AF1C80093DBB3 /* FlixUITests.swift */,
				B35692E1251AF1C80093DBB3 /* Info.plist */,
			);
			path = FlixUITests;
			sourceTree = "<group>";
		};
		D4EAD1AE7B94A47582617D28 /* Frameworks */ = {
			isa = PBXGroup;
			children = (
				4AC6E6122FDCA6150C0B8412 /* Pods_Flix.framework */,
				018A59A160A1A81FD09D5A9C /* Pods_Flix_FlixUITests.framework */,
				476E511E3F52DDBFC55A9422 /* Pods_FlixTests.framework */,
			);
			name = Frameworks;
			sourceTree = "<group>";
		};
/* End PBXGroup section */

/* Begin PBXNativeTarget section */
		B35692B9251AF1C30093DBB3 /* Flix */ = {
			isa = PBXNativeTarget;
			buildConfigurationList = B35692E4251AF1C80093DBB3 /* Build configuration list for PBXNativeTarget "Flix" */;
			buildPhases = (
				43466FCB32DF5EAE04E942C0 /* [CP] Check Pods Manifest.lock */,
				B35692B6251AF1C30093DBB3 /* Sources */,
				B35692B7251AF1C30093DBB3 /* Frameworks */,
				B35692B8251AF1C30093DBB3 /* Resources */,
				22368961B35931351623E609 /* [CP] Embed Pods Frameworks */,
			);
			buildRules = (
			);
			dependencies = (
			);
			name = Flix;
			productName = Flix;
			productReference = B35692BA251AF1C30093DBB3 /* Flix.app */;
			productType = "com.apple.product-type.application";
		};
		B35692CF251AF1C80093DBB3 /* FlixTests */ = {
			isa = PBXNativeTarget;
			buildConfigurationList = B35692E7251AF1C80093DBB3 /* Build configuration list for PBXNativeTarget "FlixTests" */;
			buildPhases = (
				1385EE95BB9D08C63787C0DF /* [CP] Check Pods Manifest.lock */,
				B35692CC251AF1C80093DBB3 /* Sources */,
				B35692CD251AF1C80093DBB3 /* Frameworks */,
				B35692CE251AF1C80093DBB3 /* Resources */,
			);
			buildRules = (
			);
			dependencies = (
				B35692D2251AF1C80093DBB3 /* PBXTargetDependency */,
			);
			name = FlixTests;
			productName = FlixTests;
			productReference = B35692D0251AF1C80093DBB3 /* FlixTests.xctest */;
			productType = "com.apple.product-type.bundle.unit-test";
		};
		B35692DA251AF1C80093DBB3 /* FlixUITests */ = {
			isa = PBXNativeTarget;
			buildConfigurationList = B35692EA251AF1C80093DBB3 /* Build configuration list for PBXNativeTarget "FlixUITests" */;
			buildPhases = (
				7B0CBC89F60782D37FD9C5CB /* [CP] Check Pods Manifest.lock */,
				B35692D7251AF1C80093DBB3 /* Sources */,
				B35692D8251AF1C80093DBB3 /* Frameworks */,
				B35692D9251AF1C80093DBB3 /* Resources */,
				DBE43EE88DCA713A54C029F2 /* [CP] Embed Pods Frameworks */,
			);
			buildRules = (
			);
			dependencies = (
				B35692DD251AF1C80093DBB3 /* PBXTargetDependency */,
			);
			name = FlixUITests;
			productName = FlixUITests;
			productReference = B35692DB251AF1C80093DBB3 /* FlixUITests.xctest */;
			productType = "com.apple.product-type.bundle.ui-testing";
		};
/* End PBXNativeTarget section */

/* Begin PBXProject section */
		B35692B2251AF1C30093DBB3 /* Project object */ = {
			isa = PBXProject;
			attributes = {
				LastSwiftUpdateCheck = 1130;
				LastUpgradeCheck = 1130;
				ORGANIZATIONNAME = "Rebecca Shi";
				TargetAttributes = {
					B35692B9251AF1C30093DBB3 = {
						CreatedOnToolsVersion = 11.3.1;
					};
					B35692CF251AF1C80093DBB3 = {
						CreatedOnToolsVersion = 11.3.1;
						TestTargetID = B35692B9251AF1C30093DBB3;
					};
					B35692DA251AF1C80093DBB3 = {
						CreatedOnToolsVersion = 11.3.1;
						TestTargetID = B35692B9251AF1C30093DBB3;
					};
				};
			};
			buildConfigurationList = B35692B5251AF1C30093DBB3 /* Build configuration list for PBXProject "Flix" */;
			compatibilityVersion = "Xcode 9.3";
			developmentRegion = en;
			hasScannedForEncodings = 0;
			knownRegions = (
				en,
				Base,
			);
			mainGroup = B35692B1251AF1C30093DBB3;
			productRefGroup = B35692BB251AF1C30093DBB3 /* Products */;
			projectDirPath = "";
			projectRoot = "";
			targets = (
				B35692B9251AF1C30093DBB3 /* Flix */,
				B35692CF251AF1C80093DBB3 /* FlixTests */,
				B35692DA251AF1C80093DBB3 /* FlixUITests */,
			);
		};
/* End PBXProject section */

/* Begin PBXResourcesBuildPhase section */
		B35692B8251AF1C30093DBB3 /* Resources */ = {
			isa = PBXResourcesBuildPhase;
			buildActionMask = 2147483647;
			files = (
				B35692CA251AF1C80093DBB3 /* LaunchScreen.storyboard in Resources */,
				B35692C7251AF1C80093DBB3 /* Assets.xcassets in Resources */,
				B35692C5251AF1C30093DBB3 /* Main.storyboard in Resources */,
			);
			runOnlyForDeploymentPostprocessing = 0;
		};
		B35692CE251AF1C80093DBB3 /* Resources */ = {
			isa = PBXResourcesBuildPhase;
			buildActionMask = 2147483647;
			files = (
			);
			runOnlyForDeploymentPostprocessing = 0;
		};
		B35692D9251AF1C80093DBB3 /* Resources */ = {
			isa = PBXResourcesBuildPhase;
			buildActionMask = 2147483647;
			files = (
			);
			runOnlyForDeploymentPostprocessing = 0;
		};
/* End PBXResourcesBuildPhase section */

/* Begin PBXShellScriptBuildPhase section */
		1385EE95BB9D08C63787C0DF /* [CP] Check Pods Manifest.lock */ = {
			isa = PBXShellScriptBuildPhase;
			buildActionMask = 2147483647;
			files = (
			);
			inputFileListPaths = (
			);
			inputPaths = (
				"${PODS_PODFILE_DIR_PATH}/Podfile.lock",
				"${PODS_ROOT}/Manifest.lock",
			);
			name = "[CP] Check Pods Manifest.lock";
			outputFileListPaths = (
			);
			outputPaths = (
				"$(DERIVED_FILE_DIR)/Pods-FlixTests-checkManifestLockResult.txt",
			);
			runOnlyForDeploymentPostprocessing = 0;
			shellPath = /bin/sh;
			shellScript = "diff \"${PODS_PODFILE_DIR_PATH}/Podfile.lock\" \"${PODS_ROOT}/Manifest.lock\" > /dev/null\nif [ $? != 0 ] ; then\n    # print error to STDERR\n    echo \"error: The sandbox is not in sync with the Podfile.lock. Run 'pod install' or update your CocoaPods installation.\" >&2\n    exit 1\nfi\n# This output is used by Xcode 'outputs' to avoid re-running this script phase.\necho \"SUCCESS\" > \"${SCRIPT_OUTPUT_FILE_0}\"\n";
			showEnvVarsInLog = 0;
		};
		22368961B35931351623E609 /* [CP] Embed Pods Frameworks */ = {
			isa = PBXShellScriptBuildPhase;
			buildActionMask = 2147483647;
			files = (
			);
			inputFileListPaths = (
				"${PODS_ROOT}/Target Support Files/Pods-Flix/Pods-Flix-frameworks-${CONFIGURATION}-input-files.xcfilelist",
			);
			name = "[CP] Embed Pods Frameworks";
			outputFileListPaths = (
				"${PODS_ROOT}/Target Support Files/Pods-Flix/Pods-Flix-frameworks-${CONFIGURATION}-output-files.xcfilelist",
			);
			runOnlyForDeploymentPostprocessing = 0;
			shellPath = /bin/sh;
			shellScript = "\"${PODS_ROOT}/Target Support Files/Pods-Flix/Pods-Flix-frameworks.sh\"\n";
			showEnvVarsInLog = 0;
		};
		43466FCB32DF5EAE04E942C0 /* [CP] Check Pods Manifest.lock */ = {
			isa = PBXShellScriptBuildPhase;
			buildActionMask = 2147483647;
			files = (
			);
			inputFileListPaths = (
			);
			inputPaths = (
				"${PODS_PODFILE_DIR_PATH}/Podfile.lock",
				"${PODS_ROOT}/Manifest.lock",
			);
			name = "[CP] Check Pods Manifest.lock";
			outputFileListPaths = (
			);
			outputPaths = (
				"$(DERIVED_FILE_DIR)/Pods-Flix-checkManifestLockResult.txt",
			);
			runOnlyForDeploymentPostprocessing = 0;
			shellPath = /bin/sh;
			shellScript = "diff \"${PODS_PODFILE_DIR_PATH}/Podfile.lock\" \"${PODS_ROOT}/Manifest.lock\" > /dev/null\nif [ $? != 0 ] ; then\n    # print error to STDERR\n    echo \"error: The sandbox is not in sync with the Podfile.lock. Run 'pod install' or update your CocoaPods installation.\" >&2\n    exit 1\nfi\n# This output is used by Xcode 'outputs' to avoid re-running this script phase.\necho \"SUCCESS\" > \"${SCRIPT_OUTPUT_FILE_0}\"\n";
			showEnvVarsInLog = 0;
		};
		7B0CBC89F60782D37FD9C5CB /* [CP] Check Pods Manifest.lock */ = {
			isa = PBXShellScriptBuildPhase;
			buildActionMask = 2147483647;
			files = (
			);
			inputFileListPaths = (
			);
			inputPaths = (
				"${PODS_PODFILE_DIR_PATH}/Podfile.lock",
				"${PODS_ROOT}/Manifest.lock",
			);
			name = "[CP] Check Pods Manifest.lock";
			outputFileListPaths = (
			);
			outputPaths = (
				"$(DERIVED_FILE_DIR)/Pods-Flix-FlixUITests-checkManifestLockResult.txt",
			);
			runOnlyForDeploymentPostprocessing = 0;
			shellPath = /bin/sh;
			shellScript = "diff \"${PODS_PODFILE_DIR_PATH}/Podfile.lock\" \"${PODS_ROOT}/Manifest.lock\" > /dev/null\nif [ $? != 0 ] ; then\n    # print error to STDERR\n    echo \"error: The sandbox is not in sync with the Podfile.lock. Run 'pod install' or update your CocoaPods installation.\" >&2\n    exit 1\nfi\n# This output is used by Xcode 'outputs' to avoid re-running this script phase.\necho \"SUCCESS\" > \"${SCRIPT_OUTPUT_FILE_0}\"\n";
			showEnvVarsInLog = 0;
		};
		DBE43EE88DCA713A54C029F2 /* [CP] Embed Pods Frameworks */ = {
			isa = PBXShellScriptBuildPhase;
			buildActionMask = 2147483647;
			files = (
			);
			inputFileListPaths = (
				"${PODS_ROOT}/Target Support Files/Pods-Flix-FlixUITests/Pods-Flix-FlixUITests-frameworks-${CONFIGURATION}-input-files.xcfilelist",
			);
			name = "[CP] Embed Pods Frameworks";
			outputFileListPaths = (
				"${PODS_ROOT}/Target Support Files/Pods-Flix-FlixUITests/Pods-Flix-FlixUITests-frameworks-${CONFIGURATION}-output-files.xcfilelist",
			);
			runOnlyForDeploymentPostprocessing = 0;
			shellPath = /bin/sh;
			shellScript = "\"${PODS_ROOT}/Target Support Files/Pods-Flix-FlixUITests/Pods-Flix-FlixUITests-frameworks.sh\"\n";
			showEnvVarsInLog = 0;
		};
/* End PBXShellScriptBuildPhase section */

/* Begin PBXSourcesBuildPhase section */
		B35692B6251AF1C30093DBB3 /* Sources */ = {
			isa = PBXSourcesBuildPhase;
			buildActionMask = 2147483647;
			files = (
				B3E75C7A2520402B00D52AB0 /* MovieDetailsViewController.swift in Sources */,
				B35692BE251AF1C30093DBB3 /* AppDelegate.swift in Sources */,
				B35692C0251AF1C30093DBB3 /* SceneDelegate.swift in Sources */,
				B33C6A6D251BC19800930B12 /* MovieCell.swift in Sources */,
				B35692F0251AF9DD0093DBB3 /* MoviesViewController.swift in Sources */,
				B3E75C7C25204A6000D52AB0 /* MovieGridViewController.swift in Sources */,
			);
			runOnlyForDeploymentPostprocessing = 0;
		};
		B35692CC251AF1C80093DBB3 /* Sources */ = {
			isa = PBXSourcesBuildPhase;
			buildActionMask = 2147483647;
			files = (
				B35692D5251AF1C80093DBB3 /* FlixTests.swift in Sources */,
			);
			runOnlyForDeploymentPostprocessing = 0;
		};
		B35692D7251AF1C80093DBB3 /* Sources */ = {
			isa = PBXSourcesBuildPhase;
			buildActionMask = 2147483647;
			files = (
				B35692E0251AF1C80093DBB3 /* FlixUITests.swift in Sources */,
			);
			runOnlyForDeploymentPostprocessing = 0;
		};
/* End PBXSourcesBuildPhase section */

/* Begin PBXTargetDependency section */
		B35692D2251AF1C80093DBB3 /* PBXTargetDependency */ = {
			isa = PBXTargetDependency;
			target = B35692B9251AF1C30093DBB3 /* Flix */;
			targetProxy = B35692D1251AF1C80093DBB3 /* PBXContainerItemProxy */;
		};
		B35692DD251AF1C80093DBB3 /* PBXTargetDependency */ = {
			isa = PBXTargetDependency;
			target = B35692B9251AF1C30093DBB3 /* Flix */;
			targetProxy = B35692DC251AF1C80093DBB3 /* PBXContainerItemProxy */;
		};
/* End PBXTargetDependency section */

/* Begin PBXVariantGroup section */
		B35692C3251AF1C30093DBB3 /* Main.storyboard */ = {
			isa = PBXVariantGroup;
			children = (
				B35692C4251AF1C30093DBB3 /* Base */,
			);
			name = Main.storyboard;
			sourceTree = "<group>";
		};
		B35692C8251AF1C80093DBB3 /* LaunchScreen.storyboard */ = {
			isa = PBXVariantGroup;
			children = (
				B35692C9251AF1C80093DBB3 /* Base */,
			);
			name = LaunchScreen.storyboard;
			sourceTree = "<group>";
		};
/* End PBXVariantGroup section */

/* Begin XCBuildConfiguration section */
		B35692E2251AF1C80093DBB3 /* Debug */ = {
			isa = XCBuildConfiguration;
			buildSettings = {
				ALWAYS_SEARCH_USER_PATHS = NO;
				CLANG_ANALYZER_NONNULL = YES;
				CLANG_ANALYZER_NUMBER_OBJECT_CONVERSION = YES_AGGRESSIVE;
				CLANG_CXX_LANGUAGE_STANDARD = "gnu++14";
				CLANG_CXX_LIBRARY = "libc++";
				CLANG_ENABLE_MODULES = YES;
				CLANG_ENABLE_OBJC_ARC = YES;
				CLANG_ENABLE_OBJC_WEAK = YES;
				CLANG_WARN_BLOCK_CAPTURE_AUTORELEASING = YES;
				CLANG_WARN_BOOL_CONVERSION = YES;
				CLANG_WARN_COMMA = YES;
				CLANG_WARN_CONSTANT_CONVERSION = YES;
				CLANG_WARN_DEPRECATED_OBJC_IMPLEMENTATIONS = YES;
				CLANG_WARN_DIRECT_OBJC_ISA_USAGE = YES_ERROR;
				CLANG_WARN_DOCUMENTATION_COMMENTS = YES;
				CLANG_WARN_EMPTY_BODY = YES;
				CLANG_WARN_ENUM_CONVERSION = YES;
				CLANG_WARN_INFINITE_RECURSION = YES;
				CLANG_WARN_INT_CONVERSION = YES;
				CLANG_WARN_NON_LITERAL_NULL_CONVERSION = YES;
				CLANG_WARN_OBJC_IMPLICIT_RETAIN_SELF = YES;
				CLANG_WARN_OBJC_LITERAL_CONVERSION = YES;
				CLANG_WARN_OBJC_ROOT_CLASS = YES_ERROR;
				CLANG_WARN_RANGE_LOOP_ANALYSIS = YES;
				CLANG_WARN_STRICT_PROTOTYPES = YES;
				CLANG_WARN_SUSPICIOUS_MOVE = YES;
				CLANG_WARN_UNGUARDED_AVAILABILITY = YES_AGGRESSIVE;
				CLANG_WARN_UNREACHABLE_CODE = YES;
				CLANG_WARN__DUPLICATE_METHOD_MATCH = YES;
				COPY_PHASE_STRIP = NO;
				DEBUG_INFORMATION_FORMAT = dwarf;
				ENABLE_STRICT_OBJC_MSGSEND = YES;
				ENABLE_TESTABILITY = YES;
				GCC_C_LANGUAGE_STANDARD = gnu11;
				GCC_DYNAMIC_NO_PIC = NO;
				GCC_NO_COMMON_BLOCKS = YES;
				GCC_OPTIMIZATION_LEVEL = 0;
				GCC_PREPROCESSOR_DEFINITIONS = (
					"DEBUG=1",
					"$(inherited)",
				);
				GCC_WARN_64_TO_32_BIT_CONVERSION = YES;
				GCC_WARN_ABOUT_RETURN_TYPE = YES_ERROR;
				GCC_WARN_UNDECLARED_SELECTOR = YES;
				GCC_WARN_UNINITIALIZED_AUTOS = YES_AGGRESSIVE;
				GCC_WARN_UNUSED_FUNCTION = YES;
				GCC_WARN_UNUSED_VARIABLE = YES;
				IPHONEOS_DEPLOYMENT_TARGET = 13.2;
				MTL_ENABLE_DEBUG_INFO = INCLUDE_SOURCE;
				MTL_FAST_MATH = YES;
				ONLY_ACTIVE_ARCH = YES;
				SDKROOT = iphoneos;
				SWIFT_ACTIVE_COMPILATION_CONDITIONS = DEBUG;
				SWIFT_OPTIMIZATION_LEVEL = "-Onone";
			};
			name = Debug;
		};
		B35692E3251AF1C80093DBB3 /* Release */ = {
			isa = XCBuildConfiguration;
			buildSettings = {
				ALWAYS_SEARCH_USER_PATHS = NO;
				CLANG_ANALYZER_NONNULL = YES;
				CLANG_ANALYZER_NUMBER_OBJECT_CONVERSION = YES_AGGRESSIVE;
				CLANG_CXX_LANGUAGE_STANDARD = "gnu++14";
				CLANG_CXX_LIBRARY = "libc++";
				CLANG_ENABLE_MODULES = YES;
				CLANG_ENABLE_OBJC_ARC = YES;
				CLANG_ENABLE_OBJC_WEAK = YES;
				CLANG_WARN_BLOCK_CAPTURE_AUTORELEASING = YES;
				CLANG_WARN_BOOL_CONVERSION = YES;
				CLANG_WARN_COMMA = YES;
				CLANG_WARN_CONSTANT_CONVERSION = YES;
				CLANG_WARN_DEPRECATED_OBJC_IMPLEMENTATIONS = YES;
				CLANG_WARN_DIRECT_OBJC_ISA_USAGE = YES_ERROR;
				CLANG_WARN_DOCUMENTATION_COMMENTS = YES;
				CLANG_WARN_EMPTY_BODY = YES;
				CLANG_WARN_ENUM_CONVERSION = YES;
				CLANG_WARN_INFINITE_RECURSION = YES;
				CLANG_WARN_INT_CONVERSION = YES;
				CLANG_WARN_NON_LITERAL_NULL_CONVERSION = YES;
				CLANG_WARN_OBJC_IMPLICIT_RETAIN_SELF = YES;
				CLANG_WARN_OBJC_LITERAL_CONVERSION = YES;
				CLANG_WARN_OBJC_ROOT_CLASS = YES_ERROR;
				CLANG_WARN_RANGE_LOOP_ANALYSIS = YES;
				CLANG_WARN_STRICT_PROTOTYPES = YES;
				CLANG_WARN_SUSPICIOUS_MOVE = YES;
				CLANG_WARN_UNGUARDED_AVAILABILITY = YES_AGGRESSIVE;
				CLANG_WARN_UNREACHABLE_CODE = YES;
				CLANG_WARN__DUPLICATE_METHOD_MATCH = YES;
				COPY_PHASE_STRIP = NO;
				DEBUG_INFORMATION_FORMAT = "dwarf-with-dsym";
				ENABLE_NS_ASSERTIONS = NO;
				ENABLE_STRICT_OBJC_MSGSEND = YES;
				GCC_C_LANGUAGE_STANDARD = gnu11;
				GCC_NO_COMMON_BLOCKS = YES;
				GCC_WARN_64_TO_32_BIT_CONVERSION = YES;
				GCC_WARN_ABOUT_RETURN_TYPE = YES_ERROR;
				GCC_WARN_UNDECLARED_SELECTOR = YES;
				GCC_WARN_UNINITIALIZED_AUTOS = YES_AGGRESSIVE;
				GCC_WARN_UNUSED_FUNCTION = YES;
				GCC_WARN_UNUSED_VARIABLE = YES;
				IPHONEOS_DEPLOYMENT_TARGET = 13.2;
				MTL_ENABLE_DEBUG_INFO = NO;
				MTL_FAST_MATH = YES;
				SDKROOT = iphoneos;
				SWIFT_COMPILATION_MODE = wholemodule;
				SWIFT_OPTIMIZATION_LEVEL = "-O";
				VALIDATE_PRODUCT = YES;
			};
			name = Release;
		};
		B35692E5251AF1C80093DBB3 /* Debug */ = {
			isa = XCBuildConfiguration;
			baseConfigurationReference = 20AC64CF8249B0F5C61A7843 /* Pods-Flix.debug.xcconfig */;
			buildSettings = {
				ASSETCATALOG_COMPILER_APPICON_NAME = AppIcon;
				CODE_SIGN_STYLE = Automatic;
				INFOPLIST_FILE = Flix/Info.plist;
				LD_RUNPATH_SEARCH_PATHS = (
					"$(inherited)",
					"@executable_path/Frameworks",
				);
				PRODUCT_BUNDLE_IDENTIFIER = Codepath.Flix;
				PRODUCT_NAME = "$(TARGET_NAME)";
				SWIFT_VERSION = 5.0;
				TARGETED_DEVICE_FAMILY = "1,2";
			};
			name = Debug;
		};
		B35692E6251AF1C80093DBB3 /* Release */ = {
			isa = XCBuildConfiguration;
			baseConfigurationReference = 1308B3B0864522D8DF527745 /* Pods-Flix.release.xcconfig */;
			buildSettings = {
				ASSETCATALOG_COMPILER_APPICON_NAME = AppIcon;
				CODE_SIGN_STYLE = Automatic;
				INFOPLIST_FILE = Flix/Info.plist;
				LD_RUNPATH_SEARCH_PATHS = (
					"$(inherited)",
					"@executable_path/Frameworks",
				);
				PRODUCT_BUNDLE_IDENTIFIER = Codepath.Flix;
				PRODUCT_NAME = "$(TARGET_NAME)";
				SWIFT_VERSION = 5.0;
				TARGETED_DEVICE_FAMILY = "1,2";
			};
			name = Release;
		};
		B35692E8251AF1C80093DBB3 /* Debug */ = {
			isa = XCBuildConfiguration;
			baseConfigurationReference = 7F7566AB5913B2F3149C23CF /* Pods-FlixTests.debug.xcconfig */;
			buildSettings = {
				ALWAYS_EMBED_SWIFT_STANDARD_LIBRARIES = YES;
				BUNDLE_LOADER = "$(TEST_HOST)";
				CODE_SIGN_STYLE = Automatic;
				INFOPLIST_FILE = FlixTests/Info.plist;
				IPHONEOS_DEPLOYMENT_TARGET = 13.2;
				LD_RUNPATH_SEARCH_PATHS = (
					"$(inherited)",
					"@executable_path/Frameworks",
					"@loader_path/Frameworks",
				);
				PRODUCT_BUNDLE_IDENTIFIER = Codepath.FlixTests;
				PRODUCT_NAME = "$(TARGET_NAME)";
				SWIFT_VERSION = 5.0;
				TARGETED_DEVICE_FAMILY = "1,2";
				TEST_HOST = "$(BUILT_PRODUCTS_DIR)/Flix.app/Flix";
			};
			name = Debug;
		};
		B35692E9251AF1C80093DBB3 /* Release */ = {
			isa = XCBuildConfiguration;
			baseConfigurationReference = 320FD7C9B144EBA4F58D5AAE /* Pods-FlixTests.release.xcconfig */;
			buildSettings = {
				ALWAYS_EMBED_SWIFT_STANDARD_LIBRARIES = YES;
				BUNDLE_LOADER = "$(TEST_HOST)";
				CODE_SIGN_STYLE = Automatic;
				INFOPLIST_FILE = FlixTests/Info.plist;
				IPHONEOS_DEPLOYMENT_TARGET = 13.2;
				LD_RUNPATH_SEARCH_PATHS = (
					"$(inherited)",
					"@executable_path/Frameworks",
					"@loader_path/Frameworks",
				);
				PRODUCT_BUNDLE_IDENTIFIER = Codepath.FlixTests;
				PRODUCT_NAME = "$(TARGET_NAME)";
				SWIFT_VERSION = 5.0;
				TARGETED_DEVICE_FAMILY = "1,2";
				TEST_HOST = "$(BUILT_PRODUCTS_DIR)/Flix.app/Flix";
			};
			name = Release;
		};
		B35692EB251AF1C80093DBB3 /* Debug */ = {
			isa = XCBuildConfiguration;
			baseConfigurationReference = 1642674635B82834F3C98D68 /* Pods-Flix-FlixUITests.debug.xcconfig */;
			buildSettings = {
				ALWAYS_EMBED_SWIFT_STANDARD_LIBRARIES = YES;
				CODE_SIGN_STYLE = Automatic;
				INFOPLIST_FILE = FlixUITests/Info.plist;
				LD_RUNPATH_SEARCH_PATHS = (
					"$(inherited)",
					"@executable_path/Frameworks",
					"@loader_path/Frameworks",
				);
				PRODUCT_BUNDLE_IDENTIFIER = Codepath.FlixUITests;
				PRODUCT_NAME = "$(TARGET_NAME)";
				SWIFT_VERSION = 5.0;
				TARGETED_DEVICE_FAMILY = "1,2";
				TEST_TARGET_NAME = Flix;
			};
			name = Debug;
		};
		B35692EC251AF1C80093DBB3 /* Release */ = {
			isa = XCBuildConfiguration;
			baseConfigurationReference = 2CDF79CBDE49E8A56F03EF01 /* Pods-Flix-FlixUITests.release.xcconfig */;
			buildSettings = {
				ALWAYS_EMBED_SWIFT_STANDARD_LIBRARIES = YES;
				CODE_SIGN_STYLE = Automatic;
				INFOPLIST_FILE = FlixUITests/Info.plist;
				LD_RUNPATH_SEARCH_PATHS = (
					"$(inherited)",
					"@executable_path/Frameworks",
					"@loader_path/Frameworks",
				);
				PRODUCT_BUNDLE_IDENTIFIER = Codepath.FlixUITests;
				PRODUCT_NAME = "$(TARGET_NAME)";
				SWIFT_VERSION = 5.0;
				TARGETED_DEVICE_FAMILY = "1,2";
				TEST_TARGET_NAME = Flix;
			};
			name = Release;
		};
/* End XCBuildConfiguration section */

/* Begin XCConfigurationList section */
		B35692B5251AF1C30093DBB3 /* Build configuration list for PBXProject "Flix" */ = {
			isa = XCConfigurationList;
			buildConfigurations = (
				B35692E2251AF1C80093DBB3 /* Debug */,
				B35692E3251AF1C80093DBB3 /* Release */,
			);
			defaultConfigurationIsVisible = 0;
			defaultConfigurationName = Release;
		};
		B35692E4251AF1C80093DBB3 /* Build configuration list for PBXNativeTarget "Flix" */ = {
			isa = XCConfigurationList;
			buildConfigurations = (
				B35692E5251AF1C80093DBB3 /* Debug */,
				B35692E6251AF1C80093DBB3 /* Release */,
			);
			defaultConfigurationIsVisible = 0;
			defaultConfigurationName = Release;
		};
		B35692E7251AF1C80093DBB3 /* Build configuration list for PBXNativeTarget "FlixTests" */ = {
			isa = XCConfigurationList;
			buildConfigurations = (
				B35692E8251AF1C80093DBB3 /* Debug */,
				B35692E9251AF1C80093DBB3 /* Release */,
			);
			defaultConfigurationIsVisible = 0;
			defaultConfigurationName = Release;
		};
		B35692EA251AF1C80093DBB3 /* Build configuration list for PBXNativeTarget "FlixUITests" */ = {
			isa = XCConfigurationList;
			buildConfigurations = (
				B35692EB251AF1C80093DBB3 /* Debug */,
				B35692EC251AF1C80093DBB3 /* Release */,
			);
			defaultConfigurationIsVisible = 0;
			defaultConfigurationName = Release;
		};
/* End XCConfigurationList section */
	};
	rootObject = B35692B2251AF1C30093DBB3 /* Project object */;
}
